
Microsoft Visual Studio Solution File, Format Version 12.00
# Visual Studio Version 17
VisualStudioVersion = 17.1.32421.90
MinimumVisualStudioVersion = 10.0.40219.1
Project("{FAE04EC0-301F-11D3-BF4B-00C04F79EFBC}") = "WebApplication1", "WebApplication1\WebApplication1.csproj", "{B72D34C9-2ACC-4A5B-9C49-5D3ECF6E8D0C}"
EndProject
Project("{2150E333-8FDC-42A3-9474-1A3956D46DE8}") = "Solution Items", "Solution Items", "{579778DF-085F-4CBD-9681-D0DD3D72E861}"
	ProjectSection(SolutionItems) = preProject
		.editorconfig = .editorconfig
	EndProjectSection
EndProject
Global
	GlobalSection(SolutionConfigurationPlatforms) = preSolution
		Debug|Any CPU = Debug|Any CPU
		Release|Any CPU = Release|Any CPU
	EndGlobalSection
	GlobalSection(ProjectConfigurationPlatforms) = postSolution
		{B72D34C9-2ACC-4A5B-9C49-5D3ECF6E8D0C}.Debug|Any CPU.ActiveCfg = Debug|Any CPU
		{B72D34C9-2ACC-4A5B-9C49-5D3ECF6E8D0C}.Debug|Any CPU.Build.0 = Debug|Any CPU
		{B72D34C9-2ACC-4A5B-9C49-5D3ECF6E8D0C}.Release|Any CPU.ActiveCfg = Release|Any CPU
		{B72D34C9-2ACC-4A5B-9C49-5D3ECF6E8D0C}.Release|Any CPU.Build.0 = Release|Any CPU
	EndGlobalSection
	GlobalSection(SolutionProperties) = preSolution
		HideSolutionNode = FALSE
	EndGlobalSection
	GlobalSection(ExtensibilityGlobals) = postSolution
		SolutionGuid = {77B9C5E6-DB51-4209-A786-DE7C2DF9E319}
	EndGlobalSection
EndGlobal
